
Microsoft Visual Studio Solution File, Format Version 12.00
# Visual Studio Version 17
VisualStudioVersion = 17.14.36119.2 d17.14
MinimumVisualStudioVersion = 10.0.40219.1
Project("{FAE04EC0-301F-11D3-BF4B-00C04F79EFBC}") = "FDBRead-Only", "FDBRead-Only\FDBRead-Only.csproj", "{30188EC0-2CDC-40C9-AD07-544E60EA79BF}"
EndProject
Global
	GlobalSection(SolutionConfigurationPlatforms) = preSolution
		Debug|Any CPU = Debug|Any CPU
		Release|Any CPU = Release|Any CPU
	EndGlobalSection
	GlobalSection(ProjectConfigurationPlatforms) = postSolution
		{30188EC0-2CDC-40C9-AD07-544E60EA79BF}.Debug|Any CPU.ActiveCfg = Debug|Any CPU
		{30188EC0-2CDC-40C9-AD07-544E60EA79BF}.Debug|Any CPU.Build.0 = Debug|Any CPU
		{30188EC0-2CDC-40C9-AD07-544E60EA79BF}.Release|Any CPU.ActiveCfg = Release|Any CPU
		{30188EC0-2CDC-40C9-AD07-544E60EA79BF}.Release|Any CPU.Build.0 = Release|Any CPU
	EndGlobalSection
	GlobalSection(SolutionProperties) = preSolution
		HideSolutionNode = FALSE
	EndGlobalSection
	GlobalSection(ExtensibilityGlobals) = postSolution
		SolutionGuid = {634377D7-F0E4-4454-BCEF-36CC735B536A}
	EndGlobalSection
EndGlobal
